// !$*UTF8*$!
{
	archiveVersion = 1;
	classes = {
	};
	objectVersion = 46;
	objects = {

/* Begin PBXBuildFile section */
		7FFAB0281CFBE4370080AE66 /* main.m in Sources */ = {isa = PBXBuildFile; fileRef = 7FFAB0271CFBE4370080AE66 /* main.m */; };
		7FFAB02B1CFBE4370080AE66 /* AppDelegate.m in Sources */ = {isa = PBXBuildFile; fileRef = 7FFAB02A1CFBE4370080AE66 /* AppDelegate.m */; };
		7FFAB02E1CFBE4370080AE66 /* ViewController.m in Sources */ = {isa = PBXBuildFile; fileRef = 7FFAB02D1CFBE4370080AE66 /* ViewController.m */; };
		7FFAB0311CFBE4370080AE66 /* Main.storyboard in Resources */ = {isa = PBXBuildFile; fileRef = 7FFAB02F1CFBE4370080AE66 /* Main.storyboard */; };
		7FFAB0331CFBE4370080AE66 /* Assets.xcassets in Resources */ = {isa = PBXBuildFile; fileRef = 7FFAB0321CFBE4370080AE66 /* Assets.xcassets */; };
		7FFAB0361CFBE4370080AE66 /* LaunchScreen.storyboard in Resources */ = {isa = PBXBuildFile; fileRef = 7FFAB0341CFBE4370080AE66 /* LaunchScreen.storyboard */; };
		7FFAB0411CFBE4380080AE66 /* GCDOnceDemoTests.m in Sources */ = {isa = PBXBuildFile; fileRef = 7FFAB0401CFBE4380080AE66 /* GCDOnceDemoTests.m */; };
		7FFAB04C1CFBE4380080AE66 /* GCDOnceDemoUITests.m in Sources */ = {isa = PBXBuildFile; fileRef = 7FFAB04B1CFBE4380080AE66 /* GCDOnceDemoUITests.m */; };
/* End PBXBuildFile section */

/* Begin PBXContainerItemProxy section */
		7FFAB03D1CFBE4380080AE66 /* PBXContainerItemProxy */ = {
			isa = PBXContainerItemProxy;
			containerPortal = 7FFAB01B1CFBE4370080AE66 /* Project object */;
			proxyType = 1;
			remoteGlobalIDString = 7FFAB0221CFBE4370080AE66;
			remoteInfo = GCDOnceDemo;
		};
		7FFAB0481CFBE4380080AE66 /* PBXContainerItemProxy */ = {
			isa = PBXContainerItemProxy;
			containerPortal = 7FFAB01B1CFBE4370080AE66 /* Project object */;
			proxyType = 1;
			remoteGlobalIDString = 7FFAB0221CFBE4370080AE66;
			remoteInfo = GCDOnceDemo;
		};
/* End PBXContainerItemProxy section */

/* Begin PBXFileReference section */
		7FFAB0231CFBE4370080AE66 /* GCDOnceDemo.app */ = {isa = PBXFileReference; explicitFileType = wrapper.application; includeInIndex = 0; path = GCDOnceDemo.app; sourceTree = BUILT_PRODUCTS_DIR; };
		7FFAB0271CFBE4370080AE66 /* main.m */ = {isa = PBXFileReference; lastKnownFileType = sourcecode.c.objc; path = main.m; sourceTree = "<group>"; };
		7FFAB0291CFBE4370080AE66 /* AppDelegate.h */ = {isa = PBXFileReference; lastKnownFileType = sourcecode.c.h; path = AppDelegate.h; sourceTree = "<group>"; };
		7FFAB02A1CFBE4370080AE66 /* AppDelegate.m */ = {isa = PBXFileReference; lastKnownFileType = sourcecode.c.objc; path = AppDelegate.m; sourceTree = "<group>"; };
		7FFAB02C1CFBE4370080AE66 /* ViewController.h */ = {isa = PBXFileReference; lastKnownFileType = sourcecode.c.h; path = ViewController.h; sourceTree = "<group>"; };
		7FFAB02D1CFBE4370080AE66 /* ViewController.m */ = {isa = PBXFileReference; lastKnownFileType = sourcecode.c.objc; path = ViewController.m; sourceTree = "<group>"; };
		7FFAB0301CFBE4370080AE66 /* Base */ = {isa = PBXFileReference; lastKnownFileType = file.storyboard; name = Base; path = Base.lproj/Main.storyboard; sourceTree = "<group>"; };
		7FFAB0321CFBE4370080AE66 /* Assets.xcassets */ = {isa = PBXFileReference; lastKnownFileType = folder.assetcatalog; path = Assets.xcassets; sourceTree = "<group>"; };
		7FFAB0351CFBE4370080AE66 /* Base */ = {isa = PBXFileReference; lastKnownFileType = file.storyboard; name = Base; path = Base.lproj/LaunchScreen.storyboard; sourceTree = "<group>"; };
		7FFAB0371CFBE4370080AE66 /* Info.plist */ = {isa = PBXFileReference; lastKnownFileType = text.plist.xml; path = Info.plist; sourceTree = "<group>"; };
		7FFAB03C1CFBE4380080AE66 /* GCDOnceDemoTests.xctest */ = {isa = PBXFileReference; explicitFileType = wrapper.cfbundle; includeInIndex = 0; path = GCDOnceDemoTests.xctest; sourceTree = BUILT_PRODUCTS_DIR; };
		7FFAB0401CFBE4380080AE66 /* GCDOnceDemoTests.m */ = {isa = PBXFileReference; lastKnownFileType = sourcecode.c.objc; path = GCDOnceDemoTests.m; sourceTree = "<group>"; };
		7FFAB0421CFBE4380080AE66 /* Info.plist */ = {isa = PBXFileReference; lastKnownFileType = text.plist.xml; path = Info.plist; sourceTree = "<group>"; };
		7FFAB0471CFBE4380080AE66 /* GCDOnceDemoUITests.xctest */ = {isa = PBXFileReference; explicitFileType = wrapper.cfbundle; includeInIndex = 0; path = GCDOnceDemoUITests.xctest; sourceTree = BUILT_PRODUCTS_DIR; };
		7FFAB04B1CFBE4380080AE66 /* GCDOnceDemoUITests.m */ = {isa = PBXFileReference; lastKnownFileType = sourcecode.c.objc; path = GCDOnceDemoUITests.m; sourceTree = "<group>"; };
		7FFAB04D1CFBE4380080AE66 /* Info.plist */ = {isa = PBXFileReference; lastKnownFileType = text.plist.xml; path = Info.plist; sourceTree = "<group>"; };
/* End PBXFileReference section */

/* Begin PBXFrameworksBuildPhase section */
		7FFAB0201CFBE4370080AE66 /* Frameworks */ = {
			isa = PBXFrameworksBuildPhase;
			buildActionMask = 2147483647;
			files = (
			);
			runOnlyForDeploymentPostprocessing = 0;
		};
		7FFAB0391CFBE4380080AE66 /* Frameworks */ = {
			isa = PBXFrameworksBuildPhase;
			buildActionMask = 2147483647;
			files = (
			);
			runOnlyForDeploymentPostprocessing = 0;
		};
		7FFAB0441CFBE4380080AE66 /* Frameworks */ = {
			isa = PBXFrameworksBuildPhase;
			buildActionMask = 2147483647;
			files = (
			);
			runOnlyForDeploymentPostprocessing = 0;
		};
/* End PBXFrameworksBuildPhase section */

/* Begin PBXGroup section */
		7FFAB01A1CFBE4370080AE66 = {
			isa = PBXGroup;
			children = (
				7FFAB0251CFBE4370080AE66 /* GCDOnceDemo */,
				7FFAB03F1CFBE4380080AE66 /* GCDOnceDemoTests */,
				7FFAB04A1CFBE4380080AE66 /* GCDOnceDemoUITests */,
				7FFAB0241CFBE4370080AE66 /* Products */,
			);
			sourceTree = "<group>";
		};
		7FFAB0241CFBE4370080AE66 /* Products */ = {
			isa = PBXGroup;
			children = (
				7FFAB0231CFBE4370080AE66 /* GCDOnceDemo.app */,
				7FFAB03C1CFBE4380080AE66 /* GCDOnceDemoTests.xctest */,
				7FFAB0471CFBE4380080AE66 /* GCDOnceDemoUITests.xctest */,
			);
			name = Products;
			sourceTree = "<group>";
		};
		7FFAB0251CFBE4370080AE66 /* GCDOnceDemo */ = {
			isa = PBXGroup;
			children = (
				7FFAB0291CFBE4370080AE66 /* AppDelegate.h */,
				7FFAB02A1CFBE4370080AE66 /* AppDelegate.m */,
				7FFAB02C1CFBE4370080AE66 /* ViewController.h */,
				7FFAB02D1CFBE4370080AE66 /* ViewController.m */,
				7FFAB02F1CFBE4370080AE66 /* Main.storyboard */,
				7FFAB0321CFBE4370080AE66 /* Assets.xcassets */,
				7FFAB0341CFBE4370080AE66 /* LaunchScreen.storyboard */,
				7FFAB0371CFBE4370080AE66 /* Info.plist */,
				7FFAB0261CFBE4370080AE66 /* Supporting Files */,
			);
			path = GCDOnceDemo;
			sourceTree = "<group>";
		};
		7FFAB0261CFBE4370080AE66 /* Supporting Files */ = {
			isa = PBXGroup;
			children = (
				7FFAB0271CFBE4370080AE66 /* main.m */,
			);
			name = "Supporting Files";
			sourceTree = "<group>";
		};
		7FFAB03F1CFBE4380080AE66 /* GCDOnceDemoTests */ = {
			isa = PBXGroup;
			children = (
				7FFAB0401CFBE4380080AE66 /* GCDOnceDemoTests.m */,
				7FFAB0421CFBE4380080AE66 /* Info.plist */,
			);
			path = GCDOnceDemoTests;
			sourceTree = "<group>";
		};
		7FFAB04A1CFBE4380080AE66 /* GCDOnceDemoUITests */ = {
			isa = PBXGroup;
			children = (
				7FFAB04B1CFBE4380080AE66 /* GCDOnceDemoUITests.m */,
				7FFAB04D1CFBE4380080AE66 /* Info.plist */,
			);
			path = GCDOnceDemoUITests;
			sourceTree = "<group>";
		};
/* End PBXGroup section */

/* Begin PBXNativeTarget section */
		7FFAB0221CFBE4370080AE66 /* GCDOnceDemo */ = {
			isa = PBXNativeTarget;
			buildConfigurationList = 7FFAB0501CFBE4380080AE66 /* Build configuration list for PBXNativeTarget "GCDOnceDemo" */;
			buildPhases = (
				7FFAB01F1CFBE4370080AE66 /* Sources */,
				7FFAB0201CFBE4370080AE66 /* Frameworks */,
				7FFAB0211CFBE4370080AE66 /* Resources */,
			);
			buildRules = (
			);
			dependencies = (
			);
			name = GCDOnceDemo;
			productName = GCDOnceDemo;
			productReference = 7FFAB0231CFBE4370080AE66 /* GCDOnceDemo.app */;
			productType = "com.apple.product-type.application";
		};
		7FFAB03B1CFBE4380080AE66 /* GCDOnceDemoTests */ = {
			isa = PBXNativeTarget;
			buildConfigurationList = 7FFAB0531CFBE4380080AE66 /* Build configuration list for PBXNativeTarget "GCDOnceDemoTests" */;
			buildPhases = (
				7FFAB0381CFBE4380080AE66 /* Sources */,
				7FFAB0391CFBE4380080AE66 /* Frameworks */,
				7FFAB03A1CFBE4380080AE66 /* Resources */,
			);
			buildRules = (
			);
			dependencies = (
				7FFAB03E1CFBE4380080AE66 /* PBXTargetDependency */,
			);
			name = GCDOnceDemoTests;
			productName = GCDOnceDemoTests;
			productReference = 7FFAB03C1CFBE4380080AE66 /* GCDOnceDemoTests.xctest */;
			productType = "com.apple.product-type.bundle.unit-test";
		};
		7FFAB0461CFBE4380080AE66 /* GCDOnceDemoUITests */ = {
			isa = PBXNativeTarget;
			buildConfigurationList = 7FFAB0561CFBE4380080AE66 /* Build configuration list for PBXNativeTarget "GCDOnceDemoUITests" */;
			buildPhases = (
				7FFAB0431CFBE4380080AE66 /* Sources */,
				7FFAB0441CFBE4380080AE66 /* Frameworks */,
				7FFAB0451CFBE4380080AE66 /* Resources */,
			);
			buildRules = (
			);
			dependencies = (
				7FFAB0491CFBE4380080AE66 /* PBXTargetDependency */,
			);
			name = GCDOnceDemoUITests;
			productName = GCDOnceDemoUITests;
			productReference = 7FFAB0471CFBE4380080AE66 /* GCDOnceDemoUITests.xctest */;
			productType = "com.apple.product-type.bundle.ui-testing";
		};
/* End PBXNativeTarget section */

/* Begin PBXProject section */
		7FFAB01B1CFBE4370080AE66 /* Project object */ = {
			isa = PBXProject;
			attributes = {
				LastUpgradeCheck = 0730;
				ORGANIZATIONNAME = IvanDing;
				TargetAttributes = {
					7FFAB0221CFBE4370080AE66 = {
						CreatedOnToolsVersion = 7.3.1;
					};
					7FFAB03B1CFBE4380080AE66 = {
						CreatedOnToolsVersion = 7.3.1;
						TestTargetID = 7FFAB0221CFBE4370080AE66;
					};
					7FFAB0461CFBE4380080AE66 = {
						CreatedOnToolsVersion = 7.3.1;
						TestTargetID = 7FFAB0221CFBE4370080AE66;
					};
				};
			};
			buildConfigurationList = 7FFAB01E1CFBE4370080AE66 /* Build configuration list for PBXProject "GCDOnceDemo" */;
			compatibilityVersion = "Xcode 3.2";
			developmentRegion = English;
			hasScannedForEncodings = 0;
			knownRegions = (
				en,
				Base,
			);
			mainGroup = 7FFAB01A1CFBE4370080AE66;
			productRefGroup = 7FFAB0241CFBE4370080AE66 /* Products */;
			projectDirPath = "";
			projectRoot = "";
			targets = (
				7FFAB0221CFBE4370080AE66 /* GCDOnceDemo */,
				7FFAB03B1CFBE4380080AE66 /* GCDOnceDemoTests */,
				7FFAB0461CFBE4380080AE66 /* GCDOnceDemoUITests */,
			);
		};
/* End PBXProject section */

/* Begin PBXResourcesBuildPhase section */
		7FFAB0211CFBE4370080AE66 /* Resources */ = {
			isa = PBXResourcesBuildPhase;
			buildActionMask = 2147483647;
			files = (
				7FFAB0361CFBE4370080AE66 /* LaunchScreen.storyboard in Resources */,
				7FFAB0331CFBE4370080AE66 /* Assets.xcassets in Resources */,
				7FFAB0311CFBE4370080AE66 /* Main.storyboard in Resources */,
			);
			runOnlyForDeploymentPostprocessing = 0;
		};
		7FFAB03A1CFBE4380080AE66 /* Resources */ = {
			isa = PBXResourcesBuildPhase;
			buildActionMask = 2147483647;
			files = (
			);
			runOnlyForDeploymentPostprocessing = 0;
		};
		7FFAB0451CFBE4380080AE66 /* Resources */ = {
			isa = PBXResourcesBuildPhase;
			buildActionMask = 2147483647;
			files = (
			);
			runOnlyForDeploymentPostprocessing = 0;
		};
/* End PBXResourcesBuildPhase section */

/* Begin PBXSourcesBuildPhase section */
		7FFAB01F1CFBE4370080AE66 /* Sources */ = {
			isa = PBXSourcesBuildPhase;
			buildActionMask = 2147483647;
			files = (
				7FFAB02E1CFBE4370080AE66 /* ViewController.m in Sources */,
				7FFAB02B1CFBE4370080AE66 /* AppDelegate.m in Sources */,
				7FFAB0281CFBE4370080AE66 /* main.m in Sources */,
			);
			runOnlyForDeploymentPostprocessing = 0;
		};
		7FFAB0381CFBE4380080AE66 /* Sources */ = {
			isa = PBXSourcesBuildPhase;
			buildActionMask = 2147483647;
			files = (
				7FFAB0411CFBE4380080AE66 /* GCDOnceDemoTests.m in Sources */,
			);
			runOnlyForDeploymentPostprocessing = 0;
		};
		7FFAB0431CFBE4380080AE66 /* Sources */ = {
			isa = PBXSourcesBuildPhase;
			buildActionMask = 2147483647;
			files = (
				7FFAB04C1CFBE4380080AE66 /* GCDOnceDemoUITests.m in Sources */,
			);
			runOnlyForDeploymentPostprocessing = 0;
		};
/* End PBXSourcesBuildPhase section */

/* Begin PBXTargetDependency section */
		7FFAB03E1CFBE4380080AE66 /* PBXTargetDependency */ = {
			isa = PBXTargetDependency;
			target = 7FFAB0221CFBE4370080AE66 /* GCDOnceDemo */;
			targetProxy = 7FFAB03D1CFBE4380080AE66 /* PBXContainerItemProxy */;
		};
		7FFAB0491CFBE4380080AE66 /* PBXTargetDependency */ = {
			isa = PBXTargetDependency;
			target = 7FFAB0221CFBE4370080AE66 /* GCDOnceDemo */;
			targetProxy = 7FFAB0481CFBE4380080AE66 /* PBXContainerItemProxy */;
		};
/* End PBXTargetDependency section */

/* Begin PBXVariantGroup section */
		7FFAB02F1CFBE4370080AE66 /* Main.storyboard */ = {
			isa = PBXVariantGroup;
			children = (
				7FFAB0301CFBE4370080AE66 /* Base */,
			);
			name = Main.storyboard;
			sourceTree = "<group>";
		};
		7FFAB0341CFBE4370080AE66 /* LaunchScreen.storyboard */ = {
			isa = PBXVariantGroup;
			children = (
				7FFAB0351CFBE4370080AE66 /* Base */,
			);
			name = LaunchScreen.storyboard;
			sourceTree = "<group>";
		};
/* End PBXVariantGroup section */

/* Begin XCBuildConfiguration section */
		7FFAB04E1CFBE4380080AE66 /* Debug */ = {
			isa = XCBuildConfiguration;
			buildSettings = {
				ALWAYS_SEARCH_USER_PATHS = NO;
				CLANG_ANALYZER_NONNULL = YES;
				CLANG_CXX_LANGUAGE_STANDARD = "gnu++0x";
				CLANG_CXX_LIBRARY = "libc++";
				CLANG_ENABLE_MODULES = YES;
				CLANG_ENABLE_OBJC_ARC = YES;
				CLANG_WARN_BOOL_CONVERSION = YES;
				CLANG_WARN_CONSTANT_CONVERSION = YES;
				CLANG_WARN_DIRECT_OBJC_ISA_USAGE = YES_ERROR;
				CLANG_WARN_EMPTY_BODY = YES;
				CLANG_WARN_ENUM_CONVERSION = YES;
				CLANG_WARN_INT_CONVERSION = YES;
				CLANG_WARN_OBJC_ROOT_CLASS = YES_ERROR;
				CLANG_WARN_UNREACHABLE_CODE = YES;
				CLANG_WARN__DUPLICATE_METHOD_MATCH = YES;
				"CODE_SIGN_IDENTITY[sdk=iphoneos*]" = "iPhone Developer";
				COPY_PHASE_STRIP = NO;
				DEBUG_INFORMATION_FORMAT = dwarf;
				ENABLE_STRICT_OBJC_MSGSEND = YES;
				ENABLE_TESTABILITY = YES;
				GCC_C_LANGUAGE_STANDARD = gnu99;
				GCC_DYNAMIC_NO_PIC = NO;
				GCC_NO_COMMON_BLOCKS = YES;
				GCC_OPTIMIZATION_LEVEL = 0;
				GCC_PREPROCESSOR_DEFINITIONS = (
					"DEBUG=1",
					"$(inherited)",
				);
				GCC_WARN_64_TO_32_BIT_CONVERSION = YES;
				GCC_WARN_ABOUT_RETURN_TYPE = YES_ERROR;
				GCC_WARN_UNDECLARED_SELECTOR = YES;
				GCC_WARN_UNINITIALIZED_AUTOS = YES_AGGRESSIVE;
				GCC_WARN_UNUSED_FUNCTION = YES;
				GCC_WARN_UNUSED_VARIABLE = YES;
				IPHONEOS_DEPLOYMENT_TARGET = 9.3;
				MTL_ENABLE_DEBUG_INFO = YES;
				ONLY_ACTIVE_ARCH = YES;
				SDKROOT = iphoneos;
			};
			name = Debug;
		};
		7FFAB04F1CFBE4380080AE66 /* Release */ = {
			isa = XCBuildConfiguration;
			buildSettings = {
				ALWAYS_SEARCH_USER_PATHS = NO;
				CLANG_ANALYZER_NONNULL = YES;
				CLANG_CXX_LANGUAGE_STANDARD = "gnu++0x";
				CLANG_CXX_LIBRARY = "libc++";
				CLANG_ENABLE_MODULES = YES;
				CLANG_ENABLE_OBJC_ARC = YES;
				CLANG_WARN_BOOL_CONVERSION = YES;
				CLANG_WARN_CONSTANT_CONVERSION = YES;
				CLANG_WARN_DIRECT_OBJC_ISA_USAGE = YES_ERROR;
				CLANG_WARN_EMPTY_BODY = YES;
				CLANG_WARN_ENUM_CONVERSION = YES;
				CLANG_WARN_INT_CONVERSION = YES;
				CLANG_WARN_OBJC_ROOT_CLASS = YES_ERROR;
				CLANG_WARN_UNREACHABLE_CODE = YES;
				CLANG_WARN__DUPLICATE_METHOD_MATCH = YES;
				"CODE_SIGN_IDENTITY[sdk=iphoneos*]" = "iPhone Developer";
				COPY_PHASE_STRIP = NO;
				DEBUG_INFORMATION_FORMAT = "dwarf-with-dsym";
				ENABLE_NS_ASSERTIONS = NO;
				ENABLE_STRICT_OBJC_MSGSEND = YES;
				GCC_C_LANGUAGE_STANDARD = gnu99;
				GCC_NO_COMMON_BLOCKS = YES;
				GCC_WARN_64_TO_32_BIT_CONVERSION = YES;
				GCC_WARN_ABOUT_RETURN_TYPE = YES_ERROR;
				GCC_WARN_UNDECLARED_SELECTOR = YES;
				GCC_WARN_UNINITIALIZED_AUTOS = YES_AGGRESSIVE;
				GCC_WARN_UNUSED_FUNCTION = YES;
				GCC_WARN_UNUSED_VARIABLE = YES;
				IPHONEOS_DEPLOYMENT_TARGET = 9.3;
				MTL_ENABLE_DEBUG_INFO = NO;
				SDKROOT = iphoneos;
				VALIDATE_PRODUCT = YES;
			};
			name = Release;
		};
		7FFAB0511CFBE4380080AE66 /* Debug */ = {
			isa = XCBuildConfiguration;
			buildSettings = {
				ASSETCATALOG_COMPILER_APPICON_NAME = AppIcon;
				INFOPLIST_FILE = GCDOnceDemo/Info.plist;
				LD_RUNPATH_SEARCH_PATHS = "$(inherited) @executable_path/Frameworks";
				PRODUCT_BUNDLE_IDENTIFIER = com.Ivan.GCDOnceDemo;
				PRODUCT_NAME = "$(TARGET_NAME)";
			};
			name = Debug;
		};
		7FFAB0521CFBE4380080AE66 /* Release */ = {
			isa = XCBuildConfiguration;
			buildSettings = {
				ASSETCATALOG_COMPILER_APPICON_NAME = AppIcon;
				INFOPLIST_FILE = GCDOnceDemo/Info.plist;
				LD_RUNPATH_SEARCH_PATHS = "$(inherited) @executable_path/Frameworks";
				PRODUCT_BUNDLE_IDENTIFIER = com.Ivan.GCDOnceDemo;
				PRODUCT_NAME = "$(TARGET_NAME)";
			};
			name = Release;
		};
		7FFAB0541CFBE4380080AE66 /* Debug */ = {
			isa = XCBuildConfiguration;
			buildSettings = {
				BUNDLE_LOADER = "$(TEST_HOST)";
				INFOPLIST_FILE = GCDOnceDemoTests/Info.plist;
				LD_RUNPATH_SEARCH_PATHS = "$(inherited) @executable_path/Frameworks @loader_path/Frameworks";
				PRODUCT_BUNDLE_IDENTIFIER = com.Ivan.GCDOnceDemoTests;
				PRODUCT_NAME = "$(TARGET_NAME)";
				TEST_HOST = "$(BUILT_PRODUCTS_DIR)/GCDOnceDemo.app/GCDOnceDemo";
			};
			name = Debug;
		};
		7FFAB0551CFBE4380080AE66 /* Release */ = {
			isa = XCBuildConfiguration;
			buildSettings = {
				BUNDLE_LOADER = "$(TEST_HOST)";
				INFOPLIST_FILE = GCDOnceDemoTests/Info.plist;
				LD_RUNPATH_SEARCH_PATHS = "$(inherited) @executable_path/Frameworks @loader_path/Frameworks";
				PRODUCT_BUNDLE_IDENTIFIER = com.Ivan.GCDOnceDemoTests;
				PRODUCT_NAME = "$(TARGET_NAME)";
				TEST_HOST = "$(BUILT_PRODUCTS_DIR)/GCDOnceDemo.app/GCDOnceDemo";
			};
			name = Release;
		};
		7FFAB0571CFBE4380080AE66 /* Debug */ = {
			isa = XCBuildConfiguration;
			buildSettings = {
				INFOPLIST_FILE = GCDOnceDemoUITests/Info.plist;
				LD_RUNPATH_SEARCH_PATHS = "$(inherited) @executable_path/Frameworks @loader_path/Frameworks";
				PRODUCT_BUNDLE_IDENTIFIER = com.Ivan.GCDOnceDemoUITests;
				PRODUCT_NAME = "$(TARGET_NAME)";
				TEST_TARGET_NAME = GCDOnceDemo;
			};
			name = Debug;
		};
		7FFAB0581CFBE4380080AE66 /* Release */ = {
			isa = XCBuildConfiguration;
			buildSettings = {
				INFOPLIST_FILE = GCDOnceDemoUITests/Info.plist;
				LD_RUNPATH_SEARCH_PATHS = "$(inherited) @executable_path/Frameworks @loader_path/Frameworks";
				PRODUCT_BUNDLE_IDENTIFIER = com.Ivan.GCDOnceDemoUITests;
				PRODUCT_NAME = "$(TARGET_NAME)";
				TEST_TARGET_NAME = GCDOnceDemo;
			};
			name = Release;
		};
/* End XCBuildConfiguration section */

/* Begin XCConfigurationList section */
		7FFAB01E1CFBE4370080AE66 /* Build configuration list for PBXProject "GCDOnceDemo" */ = {
			isa = XCConfigurationList;
			buildConfigurations = (
				7FFAB04E1CFBE4380080AE66 /* Debug */,
				7FFAB04F1CFBE4380080AE66 /* Release */,
			);
			defaultConfigurationIsVisible = 0;
			defaultConfigurationName = Release;
		};
		7FFAB0501CFBE4380080AE66 /* Build configuration list for PBXNativeTarget "GCDOnceDemo" */ = {
			isa = XCConfigurationList;
			buildConfigurations = (
				7FFAB0511CFBE4380080AE66 /* Debug */,
				7FFAB0521CFBE4380080AE66 /* Release */,
			);
			defaultConfigurationIsVisible = 0;
		};
		7FFAB0531CFBE4380080AE66 /* Build configuration list for PBXNativeTarget "GCDOnceDemoTests" */ = {
			isa = XCConfigurationList;
			buildConfigurations = (
				7FFAB0541CFBE4380080AE66 /* Debug */,
				7FFAB0551CFBE4380080AE66 /* Release */,
			);
			defaultConfigurationIsVisible = 0;
		};
		7FFAB0561CFBE4380080AE66 /* Build configuration list for PBXNativeTarget "GCDOnceDemoUITests" */ = {
			isa = XCConfigurationList;
			buildConfigurations = (
				7FFAB0571CFBE4380080AE66 /* Debug */,
				7FFAB0581CFBE4380080AE66 /* Release */,
			);
			defaultConfigurationIsVisible = 0;
		};
/* End XCConfigurationList section */
	};
	rootObject = 7FFAB01B1CFBE4370080AE66 /* Project object */;
}
